
Microsoft Visual Studio Solution File, Format Version 12.00
# Visual Studio Version 16
VisualStudioVersion = 16.0.30413.136
MinimumVisualStudioVersion = 15.0.26124.0
Project("{9A19103F-16F7-4668-BE54-9A1E7A4F7556}") = "AsyncWorkerCollection", "AsyncWorkerCollection\AsyncWorkerCollection.csproj", "{8A479E25-0FE9-4A67-9AED-8B7E0A46C62D}"
EndProject
Project("{9A19103F-16F7-4668-BE54-9A1E7A4F7556}") = "AsyncWorkerCollection.Tests", "test\AsyncWorkerCollection.Tests\AsyncWorkerCollection.Tests.csproj", "{70F29F77-FE49-45FE-9FED-7162897CB7B2}"
EndProject
Project("{FAE04EC0-301F-11D3-BF4B-00C04F79EFBC}") = "AsyncWorkerCollection.Benchmarks", "test\AsyncWorkerCollection.Benchmarks\AsyncWorkerCollection.Benchmarks.csproj", "{751CD521-7831-4C82-A2A0-D4A5FDC8D3F5}"
EndProject
Global
	GlobalSection(SolutionConfigurationPlatforms) = preSolution
		Debug|Any CPU = Debug|Any CPU
		Debug|x64 = Debug|x64
		Debug|x86 = Debug|x86
		Release|Any CPU = Release|Any CPU
		Release|x64 = Release|x64
		Release|x86 = Release|x86
	EndGlobalSection
	GlobalSection(ProjectConfigurationPlatforms) = postSolution
		{8A479E25-0FE9-4A67-9AED-8B7E0A46C62D}.Debug|Any CPU.ActiveCfg = Debug|Any CPU
		{8A479E25-0FE9-4A67-9AED-8B7E0A46C62D}.Debug|Any CPU.Build.0 = Debug|Any CPU
		{8A479E25-0FE9-4A67-9AED-8B7E0A46C62D}.Debug|x64.ActiveCfg = Debug|Any CPU
		{8A479E25-0FE9-4A67-9AED-8B7E0A46C62D}.Debug|x64.Build.0 = Debug|Any CPU
		{8A479E25-0FE9-4A67-9AED-8B7E0A46C62D}.Debug|x86.ActiveCfg = Debug|Any CPU
		{8A479E25-0FE9-4A67-9AED-8B7E0A46C62D}.Debug|x86.Build.0 = Debug|Any CPU
		{8A479E25-0FE9-4A67-9AED-8B7E0A46C62D}.Release|Any CPU.ActiveCfg = Release|Any CPU
		{8A479E25-0FE9-4A67-9AED-8B7E0A46C62D}.Release|Any CPU.Build.0 = Release|Any CPU
		{8A479E25-0FE9-4A67-9AED-8B7E0A46C62D}.Release|x64.ActiveCfg = Release|Any CPU
		{8A479E25-0FE9-4A67-9AED-8B7E0A46C62D}.Release|x64.Build.0 = Release|Any CPU
		{8A479E25-0FE9-4A67-9AED-8B7E0A46C62D}.Release|x86.ActiveCfg = Release|Any CPU
		{8A479E25-0FE9-4A67-9AED-8B7E0A46C62D}.Release|x86.Build.0 = Release|Any CPU
		{70F29F77-FE49-45FE-9FED-7162897CB7B2}.Debug|Any CPU.ActiveCfg = Debug|Any CPU
		{70F29F77-FE49-45FE-9FED-7162897CB7B2}.Debug|Any CPU.Build.0 = Debug|Any CPU
		{70F29F77-FE49-45FE-9FED-7162897CB7B2}.Debug|x64.ActiveCfg = Debug|Any CPU
		{70F29F77-FE49-45FE-9FED-7162897CB7B2}.Debug|x64.Build.0 = Debug|Any CPU
		{70F29F77-FE49-45FE-9FED-7162897CB7B2}.Debug|x86.ActiveCfg = Debug|Any CPU
		{70F29F77-FE49-45FE-9FED-7162897CB7B2}.Debug|x86.Build.0 = Debug|Any CPU
		{70F29F77-FE49-45FE-9FED-7162897CB7B2}.Release|Any CPU.ActiveCfg = Release|Any CPU
		{70F29F77-FE49-45FE-9FED-7162897CB7B2}.Release|Any CPU.Build.0 = Release|Any CPU
		{70F29F77-FE49-45FE-9FED-7162897CB7B2}.Release|x64.ActiveCfg = Release|Any CPU
		{70F29F77-FE49-45FE-9FED-7162897CB7B2}.Release|x64.Build.0 = Release|Any CPU
		{70F29F77-FE49-45FE-9FED-7162897CB7B2}.Release|x86.ActiveCfg = Release|Any CPU
		{70F29F77-FE49-45FE-9FED-7162897CB7B2}.Release|x86.Build.0 = Release|Any CPU
		{751CD521-7831-4C82-A2A0-D4A5FDC8D3F5}.Debug|Any CPU.ActiveCfg = Debug|Any CPU
		{751CD521-7831-4C82-A2A0-D4A5FDC8D3F5}.Debug|Any CPU.Build.0 = Debug|Any CPU
		{751CD521-7831-4C82-A2A0-D4A5FDC8D3F5}.Debug|x64.ActiveCfg = Debug|Any CPU
		{751CD521-7831-4C82-A2A0-D4A5FDC8D3F5}.Debug|x64.Build.0 = Debug|Any CPU
		{751CD521-7831-4C82-A2A0-D4A5FDC8D3F5}.Debug|x86.ActiveCfg = Debug|Any CPU
		{751CD521-7831-4C82-A2A0-D4A5FDC8D3F5}.Debug|x86.Build.0 = Debug|Any CPU
		{751CD521-7831-4C82-A2A0-D4A5FDC8D3F5}.Release|Any CPU.ActiveCfg = Release|Any CPU
		{751CD521-7831-4C82-A2A0-D4A5FDC8D3F5}.Release|Any CPU.Build.0 = Release|Any CPU
		{751CD521-7831-4C82-A2A0-D4A5FDC8D3F5}.Release|x64.ActiveCfg = Release|Any CPU
		{751CD521-7831-4C82-A2A0-D4A5FDC8D3F5}.Release|x64.Build.0 = Release|Any CPU
		{751CD521-7831-4C82-A2A0-D4A5FDC8D3F5}.Release|x86.ActiveCfg = Release|Any CPU
		{751CD521-7831-4C82-A2A0-D4A5FDC8D3F5}.Release|x86.Build.0 = Release|Any CPU
	EndGlobalSection
	GlobalSection(SolutionProperties) = preSolution
		HideSolutionNode = FALSE
	EndGlobalSection
	GlobalSection(ExtensibilityGlobals) = postSolution
		SolutionGuid = {AB058385-F511-4985-B3F0-B5862FB893AA}
	EndGlobalSection
EndGlobal
